// !$*UTF8*$!
{
	archiveVersion = 1;
	classes = {
	};
	objectVersion = 48;
	objects = {

/* Begin PBXBuildFile section */
		9DF6C293C81444809D46D81B /* Pods_EasyEditText.framework in Frameworks */ = {isa = PBXBuildFile; fileRef = E8E7B9FC52EFA667FC171162 /* Pods_EasyEditText.framework */; };
		D812A1B2200C4D2100F34E52 /* AppDelegate.swift in Sources */ = {isa = PBXBuildFile; fileRef = D812A1B1200C4D2100F34E52 /* AppDelegate.swift */; };
		D812A1B4200C4D2100F34E52 /* DocumentBrowserViewController.swift in Sources */ = {isa = PBXBuildFile; fileRef = D812A1B3200C4D2100F34E52 /* DocumentBrowserViewController.swift */; };
		D812A1B8200C4D2100F34E52 /* TextDocument.swift in Sources */ = {isa = PBXBuildFile; fileRef = D812A1B7200C4D2100F34E52 /* TextDocument.swift */; };
		D812A1BD200C4D2100F34E52 /* Assets.xcassets in Resources */ = {isa = PBXBuildFile; fileRef = D812A1BC200C4D2100F34E52 /* Assets.xcassets */; };
		D812A1C0200C4D2100F34E52 /* LaunchScreen.storyboard in Resources */ = {isa = PBXBuildFile; fileRef = D812A1BE200C4D2100F34E52 /* LaunchScreen.storyboard */; };
		D812A1CB200C4D2100F34E52 /* PajamaEditTests.swift in Sources */ = {isa = PBXBuildFile; fileRef = D812A1CA200C4D2100F34E52 /* PajamaEditTests.swift */; };
		D812A1D6200C4D2100F34E52 /* PajamaEditUITests.swift in Sources */ = {isa = PBXBuildFile; fileRef = D812A1D5200C4D2100F34E52 /* PajamaEditUITests.swift */; };
		D828602B200C879500E2D7BE /* TextDocumentViewController.swift in Sources */ = {isa = PBXBuildFile; fileRef = D828602A200C879500E2D7BE /* TextDocumentViewController.swift */; };
		D857D38B2015562B00E1D09D /* KeyboardAppearanceDelegate.swift in Sources */ = {isa = PBXBuildFile; fileRef = D857D38A2015562B00E1D09D /* KeyboardAppearanceDelegate.swift */; };
/* End PBXBuildFile section */

/* Begin PBXContainerItemProxy section */
		D812A1C7200C4D2100F34E52 /* PBXContainerItemProxy */ = {
			isa = PBXContainerItemProxy;
			containerPortal = D812A1A6200C4D2100F34E52 /* Project object */;
			proxyType = 1;
			remoteGlobalIDString = D812A1AD200C4D2100F34E52;
			remoteInfo = PajamaEdit;
		};
		D812A1D2200C4D2100F34E52 /* PBXContainerItemProxy */ = {
			isa = PBXContainerItemProxy;
			containerPortal = D812A1A6200C4D2100F34E52 /* Project object */;
			proxyType = 1;
			remoteGlobalIDString = D812A1AD200C4D2100F34E52;
			remoteInfo = PajamaEdit;
		};
/* End PBXContainerItemProxy section */

/* Begin PBXFileReference section */
		34BFDFB82B53A51CCBAA74E7 /* Pods-PajamaEdit.debug.xcconfig */ = {isa = PBXFileReference; includeInIndex = 1; lastKnownFileType = text.xcconfig; name = "Pods-PajamaEdit.debug.xcconfig"; path = "Pods/Target Support Files/Pods-PajamaEdit/Pods-PajamaEdit.debug.xcconfig"; sourceTree = "<group>"; };
		946D328B03B35C34AD56EE16 /* Pods-EasyEditText.release.xcconfig */ = {isa = PBXFileReference; includeInIndex = 1; lastKnownFileType = text.xcconfig; name = "Pods-EasyEditText.release.xcconfig"; path = "Pods/Target Support Files/Pods-EasyEditText/Pods-EasyEditText.release.xcconfig"; sourceTree = "<group>"; };
		A87D1A2AFCC9967943C3E63D /* Pods_PajamaEdit.framework */ = {isa = PBXFileReference; explicitFileType = wrapper.framework; includeInIndex = 0; path = Pods_PajamaEdit.framework; sourceTree = BUILT_PRODUCTS_DIR; };
		D7E8764E7B4EFAD2FD5A24E3 /* Pods-PajamaEdit.release.xcconfig */ = {isa = PBXFileReference; includeInIndex = 1; lastKnownFileType = text.xcconfig; name = "Pods-PajamaEdit.release.xcconfig"; path = "Pods/Target Support Files/Pods-PajamaEdit/Pods-PajamaEdit.release.xcconfig"; sourceTree = "<group>"; };
		D812A1AE200C4D2100F34E52 /* EasyEditText.app */ = {isa = PBXFileReference; explicitFileType = wrapper.application; includeInIndex = 0; path = EasyEditText.app; sourceTree = BUILT_PRODUCTS_DIR; };
		D812A1B1200C4D2100F34E52 /* AppDelegate.swift */ = {isa = PBXFileReference; lastKnownFileType = sourcecode.swift; path = AppDelegate.swift; sourceTree = "<group>"; };
		D812A1B3200C4D2100F34E52 /* DocumentBrowserViewController.swift */ = {isa = PBXFileReference; lastKnownFileType = sourcecode.swift; path = DocumentBrowserViewController.swift; sourceTree = "<group>"; };
		D812A1B7200C4D2100F34E52 /* TextDocument.swift */ = {isa = PBXFileReference; lastKnownFileType = sourcecode.swift; path = TextDocument.swift; sourceTree = "<group>"; };
		D812A1BC200C4D2100F34E52 /* Assets.xcassets */ = {isa = PBXFileReference; lastKnownFileType = folder.assetcatalog; path = Assets.xcassets; sourceTree = "<group>"; };
		D812A1BF200C4D2100F34E52 /* Base */ = {isa = PBXFileReference; lastKnownFileType = file.storyboard; name = Base; path = Base.lproj/LaunchScreen.storyboard; sourceTree = "<group>"; };
		D812A1C1200C4D2100F34E52 /* Info.plist */ = {isa = PBXFileReference; lastKnownFileType = text.plist.xml; path = Info.plist; sourceTree = "<group>"; };
		D812A1C6200C4D2100F34E52 /* EasyEditTextTests.xctest */ = {isa = PBXFileReference; explicitFileType = wrapper.cfbundle; includeInIndex = 0; path = EasyEditTextTests.xctest; sourceTree = BUILT_PRODUCTS_DIR; };
		D812A1CA200C4D2100F34E52 /* PajamaEditTests.swift */ = {isa = PBXFileReference; lastKnownFileType = sourcecode.swift; path = PajamaEditTests.swift; sourceTree = "<group>"; };
		D812A1CC200C4D2100F34E52 /* Info.plist */ = {isa = PBXFileReference; lastKnownFileType = text.plist.xml; path = Info.plist; sourceTree = "<group>"; };
		D812A1D1200C4D2100F34E52 /* EasyEditTextUITests.xctest */ = {isa = PBXFileReference; explicitFileType = wrapper.cfbundle; includeInIndex = 0; path = EasyEditTextUITests.xctest; sourceTree = BUILT_PRODUCTS_DIR; };
		D812A1D5200C4D2100F34E52 /* PajamaEditUITests.swift */ = {isa = PBXFileReference; lastKnownFileType = sourcecode.swift; path = PajamaEditUITests.swift; sourceTree = "<group>"; };
		D812A1D7200C4D2100F34E52 /* Info.plist */ = {isa = PBXFileReference; lastKnownFileType = text.plist.xml; path = Info.plist; sourceTree = "<group>"; };
		D828602A200C879500E2D7BE /* TextDocumentViewController.swift */ = {isa = PBXFileReference; lastKnownFileType = sourcecode.swift; path = TextDocumentViewController.swift; sourceTree = "<group>"; };
		D857D38A2015562B00E1D09D /* KeyboardAppearanceDelegate.swift */ = {isa = PBXFileReference; lastKnownFileType = sourcecode.swift; path = KeyboardAppearanceDelegate.swift; sourceTree = "<group>"; };
		E8E7B9FC52EFA667FC171162 /* Pods_EasyEditText.framework */ = {isa = PBXFileReference; explicitFileType = wrapper.framework; includeInIndex = 0; path = Pods_EasyEditText.framework; sourceTree = BUILT_PRODUCTS_DIR; };
		F757F1574E78186BCA198E2A /* Pods-EasyEditText.debug.xcconfig */ = {isa = PBXFileReference; includeInIndex = 1; lastKnownFileType = text.xcconfig; name = "Pods-EasyEditText.debug.xcconfig"; path = "Pods/Target Support Files/Pods-EasyEditText/Pods-EasyEditText.debug.xcconfig"; sourceTree = "<group>"; };
/* End PBXFileReference section */

/* Begin PBXFrameworksBuildPhase section */
		D812A1AB200C4D2100F34E52 /* Frameworks */ = {
			isa = PBXFrameworksBuildPhase;
			buildActionMask = 2147483647;
			files = (
				9DF6C293C81444809D46D81B /* Pods_EasyEditText.framework in Frameworks */,
			);
			runOnlyForDeploymentPostprocessing = 0;
		};
		D812A1C3200C4D2100F34E52 /* Frameworks */ = {
			isa = PBXFrameworksBuildPhase;
			buildActionMask = 2147483647;
			files = (
			);
			runOnlyForDeploymentPostprocessing = 0;
		};
		D812A1CE200C4D2100F34E52 /* Frameworks */ = {
			isa = PBXFrameworksBuildPhase;
			buildActionMask = 2147483647;
			files = (
			);
			runOnlyForDeploymentPostprocessing = 0;
		};
/* End PBXFrameworksBuildPhase section */

/* Begin PBXGroup section */
		6BBF5F6AE53841DA9AC9BF9A /* Frameworks */ = {
			isa = PBXGroup;
			children = (
				A87D1A2AFCC9967943C3E63D /* Pods_PajamaEdit.framework */,
				E8E7B9FC52EFA667FC171162 /* Pods_EasyEditText.framework */,
			);
			name = Frameworks;
			sourceTree = "<group>";
		};
		D805EF85200C6F9D005E2BA8 /* View Families */ = {
			isa = PBXGroup;
			children = (
				D812A1B3200C4D2100F34E52 /* DocumentBrowserViewController.swift */,
				D828602A200C879500E2D7BE /* TextDocumentViewController.swift */,
				D857D38A2015562B00E1D09D /* KeyboardAppearanceDelegate.swift */,
			);
			path = "View Families";
			sourceTree = "<group>";
		};
		D812A1A5200C4D2100F34E52 = {
			isa = PBXGroup;
			children = (
				D812A1B0200C4D2100F34E52 /* EasyEditText */,
				D812A1C9200C4D2100F34E52 /* EasyEditTextTests */,
				D812A1D4200C4D2100F34E52 /* EasyEditTextUITests */,
				D812A1AF200C4D2100F34E52 /* Products */,
				E1F446CF5F651BAB333110C9 /* Pods */,
				6BBF5F6AE53841DA9AC9BF9A /* Frameworks */,
			);
			sourceTree = "<group>";
		};
		D812A1AF200C4D2100F34E52 /* Products */ = {
			isa = PBXGroup;
			children = (
				D812A1AE200C4D2100F34E52 /* EasyEditText.app */,
				D812A1C6200C4D2100F34E52 /* EasyEditTextTests.xctest */,
				D812A1D1200C4D2100F34E52 /* EasyEditTextUITests.xctest */,
			);
			name = Products;
			sourceTree = "<group>";
		};
		D812A1B0200C4D2100F34E52 /* EasyEditText */ = {
			isa = PBXGroup;
			children = (
				D8DE72AA200C8D8400455A09 /* Configuration Families */,
				D805EF85200C6F9D005E2BA8 /* View Families */,
				D812A1BC200C4D2100F34E52 /* Assets.xcassets */,
				D812A1BE200C4D2100F34E52 /* LaunchScreen.storyboard */,
				D812A1C1200C4D2100F34E52 /* Info.plist */,
			);
			path = EasyEditText;
			sourceTree = "<group>";
		};
		D812A1C9200C4D2100F34E52 /* EasyEditTextTests */ = {
			isa = PBXGroup;
			children = (
				D812A1CA200C4D2100F34E52 /* PajamaEditTests.swift */,
				D812A1CC200C4D2100F34E52 /* Info.plist */,
			);
			path = EasyEditTextTests;
			sourceTree = "<group>";
		};
		D812A1D4200C4D2100F34E52 /* EasyEditTextUITests */ = {
			isa = PBXGroup;
			children = (
				D812A1D5200C4D2100F34E52 /* PajamaEditUITests.swift */,
				D812A1D7200C4D2100F34E52 /* Info.plist */,
			);
			path = EasyEditTextUITests;
			sourceTree = "<group>";
		};
		D8DE72AA200C8D8400455A09 /* Configuration Families */ = {
			isa = PBXGroup;
			children = (
				D812A1B1200C4D2100F34E52 /* AppDelegate.swift */,
				D812A1B7200C4D2100F34E52 /* TextDocument.swift */,
			);
			path = "Configuration Families";
			sourceTree = "<group>";
		};
		E1F446CF5F651BAB333110C9 /* Pods */ = {
			isa = PBXGroup;
			children = (
				34BFDFB82B53A51CCBAA74E7 /* Pods-PajamaEdit.debug.xcconfig */,
				D7E8764E7B4EFAD2FD5A24E3 /* Pods-PajamaEdit.release.xcconfig */,
				F757F1574E78186BCA198E2A /* Pods-EasyEditText.debug.xcconfig */,
				946D328B03B35C34AD56EE16 /* Pods-EasyEditText.release.xcconfig */,
			);
			name = Pods;
			sourceTree = "<group>";
		};
/* End PBXGroup section */

/* Begin PBXNativeTarget section */
		D812A1AD200C4D2100F34E52 /* EasyEditText */ = {
			isa = PBXNativeTarget;
			buildConfigurationList = D812A1DA200C4D2100F34E52 /* Build configuration list for PBXNativeTarget "EasyEditText" */;
			buildPhases = (
				8CFD87A8E0EA04A6EE59EE04 /* [CP] Check Pods Manifest.lock */,
				D812A1AA200C4D2100F34E52 /* Sources */,
				D812A1AB200C4D2100F34E52 /* Frameworks */,
				D812A1AC200C4D2100F34E52 /* Resources */,
				E30A524FBD4DE2721171D01E /* [CP] Embed Pods Frameworks */,
				A7A355D2FF03685B67E7957B /* [CP] Copy Pods Resources */,
			);
			buildRules = (
			);
			dependencies = (
			);
			name = EasyEditText;
			productName = PajamaEdit;
			productReference = D812A1AE200C4D2100F34E52 /* EasyEditText.app */;
			productType = "com.apple.product-type.application";
		};
		D812A1C5200C4D2100F34E52 /* EasyEditTextTests */ = {
			isa = PBXNativeTarget;
			buildConfigurationList = D812A1DD200C4D2100F34E52 /* Build configuration list for PBXNativeTarget "EasyEditTextTests" */;
			buildPhases = (
				D812A1C2200C4D2100F34E52 /* Sources */,
				D812A1C3200C4D2100F34E52 /* Frameworks */,
				D812A1C4200C4D2100F34E52 /* Resources */,
			);
			buildRules = (
			);
			dependencies = (
				D812A1C8200C4D2100F34E52 /* PBXTargetDependency */,
			);
			name = EasyEditTextTests;
			productName = PajamaEditTests;
			productReference = D812A1C6200C4D2100F34E52 /* EasyEditTextTests.xctest */;
			productType = "com.apple.product-type.bundle.unit-test";
		};
		D812A1D0200C4D2100F34E52 /* EasyEditTextUITests */ = {
			isa = PBXNativeTarget;
			buildConfigurationList = D812A1E0200C4D2100F34E52 /* Build configuration list for PBXNativeTarget "EasyEditTextUITests" */;
			buildPhases = (
				D812A1CD200C4D2100F34E52 /* Sources */,
				D812A1CE200C4D2100F34E52 /* Frameworks */,
				D812A1CF200C4D2100F34E52 /* Resources */,
			);
			buildRules = (
			);
			dependencies = (
				D812A1D3200C4D2100F34E52 /* PBXTargetDependency */,
			);
			name = EasyEditTextUITests;
			productName = PajamaEditUITests;
			productReference = D812A1D1200C4D2100F34E52 /* EasyEditTextUITests.xctest */;
			productType = "com.apple.product-type.bundle.ui-testing";
		};
/* End PBXNativeTarget section */

/* Begin PBXProject section */
		D812A1A6200C4D2100F34E52 /* Project object */ = {
			isa = PBXProject;
			attributes = {
				LastSwiftUpdateCheck = 0920;
				LastUpgradeCheck = 0920;
				ORGANIZATIONNAME = "Sahand Nayebaziz";
				TargetAttributes = {
					D812A1AD200C4D2100F34E52 = {
						CreatedOnToolsVersion = 9.2;
						ProvisioningStyle = Automatic;
					};
					D812A1C5200C4D2100F34E52 = {
						CreatedOnToolsVersion = 9.2;
						ProvisioningStyle = Automatic;
						TestTargetID = D812A1AD200C4D2100F34E52;
					};
					D812A1D0200C4D2100F34E52 = {
						CreatedOnToolsVersion = 9.2;
						ProvisioningStyle = Automatic;
						TestTargetID = D812A1AD200C4D2100F34E52;
					};
				};
			};
			buildConfigurationList = D812A1A9200C4D2100F34E52 /* Build configuration list for PBXProject "EasyEditText" */;
			compatibilityVersion = "Xcode 8.0";
			developmentRegion = en;
			hasScannedForEncodings = 0;
			knownRegions = (
				en,
				Base,
			);
			mainGroup = D812A1A5200C4D2100F34E52;
			productRefGroup = D812A1AF200C4D2100F34E52 /* Products */;
			projectDirPath = "";
			projectRoot = "";
			targets = (
				D812A1AD200C4D2100F34E52 /* EasyEditText */,
				D812A1C5200C4D2100F34E52 /* EasyEditTextTests */,
				D812A1D0200C4D2100F34E52 /* EasyEditTextUITests */,
			);
		};
/* End PBXProject section */

/* Begin PBXResourcesBuildPhase section */
		D812A1AC200C4D2100F34E52 /* Resources */ = {
			isa = PBXResourcesBuildPhase;
			buildActionMask = 2147483647;
			files = (
				D812A1C0200C4D2100F34E52 /* LaunchScreen.storyboard in Resources */,
				D812A1BD200C4D2100F34E52 /* Assets.xcassets in Resources */,
			);
			runOnlyForDeploymentPostprocessing = 0;
		};
		D812A1C4200C4D2100F34E52 /* Resources */ = {
			isa = PBXResourcesBuildPhase;
			buildActionMask = 2147483647;
			files = (
			);
			runOnlyForDeploymentPostprocessing = 0;
		};
		D812A1CF200C4D2100F34E52 /* Resources */ = {
			isa = PBXResourcesBuildPhase;
			buildActionMask = 2147483647;
			files = (
			);
			runOnlyForDeploymentPostprocessing = 0;
		};
/* End PBXResourcesBuildPhase section */

/* Begin PBXShellScriptBuildPhase section */
		8CFD87A8E0EA04A6EE59EE04 /* [CP] Check Pods Manifest.lock */ = {
			isa = PBXShellScriptBuildPhase;
			buildActionMask = 2147483647;
			files = (
			);
			inputPaths = (
				"${PODS_PODFILE_DIR_PATH}/Podfile.lock",
				"${PODS_ROOT}/Manifest.lock",
			);
			name = "[CP] Check Pods Manifest.lock";
			outputPaths = (
				"$(DERIVED_FILE_DIR)/Pods-EasyEditText-checkManifestLockResult.txt",
			);
			runOnlyForDeploymentPostprocessing = 0;
			shellPath = /bin/sh;
			shellScript = "diff \"${PODS_PODFILE_DIR_PATH}/Podfile.lock\" \"${PODS_ROOT}/Manifest.lock\" > /dev/null\nif [ $? != 0 ] ; then\n    # print error to STDERR\n    echo \"error: The sandbox is not in sync with the Podfile.lock. Run 'pod install' or update your CocoaPods installation.\" >&2\n    exit 1\nfi\n# This output is used by Xcode 'outputs' to avoid re-running this script phase.\necho \"SUCCESS\" > \"${SCRIPT_OUTPUT_FILE_0}\"\n";
			showEnvVarsInLog = 0;
		};
		A7A355D2FF03685B67E7957B /* [CP] Copy Pods Resources */ = {
			isa = PBXShellScriptBuildPhase;
			buildActionMask = 2147483647;
			files = (
			);
			inputPaths = (
			);
			name = "[CP] Copy Pods Resources";
			outputPaths = (
			);
			runOnlyForDeploymentPostprocessing = 0;
			shellPath = /bin/sh;
			shellScript = "\"${SRCROOT}/Pods/Target Support Files/Pods-EasyEditText/Pods-EasyEditText-resources.sh\"\n";
			showEnvVarsInLog = 0;
		};
		E30A524FBD4DE2721171D01E /* [CP] Embed Pods Frameworks */ = {
			isa = PBXShellScriptBuildPhase;
			buildActionMask = 2147483647;
			files = (
			);
			inputPaths = (
				"${SRCROOT}/Pods/Target Support Files/Pods-EasyEditText/Pods-EasyEditText-frameworks.sh",
				"${BUILT_PRODUCTS_DIR}/SnapKit/SnapKit.framework",
			);
			name = "[CP] Embed Pods Frameworks";
			outputPaths = (
				"${TARGET_BUILD_DIR}/${FRAMEWORKS_FOLDER_PATH}/SnapKit.framework",
			);
			runOnlyForDeploymentPostprocessing = 0;
			shellPath = /bin/sh;
			shellScript = "\"${SRCROOT}/Pods/Target Support Files/Pods-EasyEditText/Pods-EasyEditText-frameworks.sh\"\n";
			showEnvVarsInLog = 0;
		};
/* End PBXShellScriptBuildPhase section */

/* Begin PBXSourcesBuildPhase section */
		D812A1AA200C4D2100F34E52 /* Sources */ = {
			isa = PBXSourcesBuildPhase;
			buildActionMask = 2147483647;
			files = (
				D857D38B2015562B00E1D09D /* KeyboardAppearanceDelegate.swift in Sources */,
				D812A1B8200C4D2100F34E52 /* TextDocument.swift in Sources */,
				D812A1B4200C4D2100F34E52 /* DocumentBrowserViewController.swift in Sources */,
				D828602B200C879500E2D7BE /* TextDocumentViewController.swift in Sources */,
				D812A1B2200C4D2100F34E52 /* AppDelegate.swift in Sources */,
			);
			runOnlyForDeploymentPostprocessing = 0;
		};
		D812A1C2200C4D2100F34E52 /* Sources */ = {
			isa = PBXSourcesBuildPhase;
			buildActionMask = 2147483647;
			files = (
				D812A1CB200C4D2100F34E52 /* PajamaEditTests.swift in Sources */,
			);
			runOnlyForDeploymentPostprocessing = 0;
		};
		D812A1CD200C4D2100F34E52 /* Sources */ = {
			isa = PBXSourcesBuildPhase;
			buildActionMask = 2147483647;
			files = (
				D812A1D6200C4D2100F34E52 /* PajamaEditUITests.swift in Sources */,
			);
			runOnlyForDeploymentPostprocessing = 0;
		};
/* End PBXSourcesBuildPhase section */

/* Begin PBXTargetDependency section */
		D812A1C8200C4D2100F34E52 /* PBXTargetDependency */ = {
			isa = PBXTargetDependency;
			target = D812A1AD200C4D2100F34E52 /* EasyEditText */;
			targetProxy = D812A1C7200C4D2100F34E52 /* PBXContainerItemProxy */;
		};
		D812A1D3200C4D2100F34E52 /* PBXTargetDependency */ = {
			isa = PBXTargetDependency;
			target = D812A1AD200C4D2100F34E52 /* EasyEditText */;
			targetProxy = D812A1D2200C4D2100F34E52 /* PBXContainerItemProxy */;
		};
/* End PBXTargetDependency section */

/* Begin PBXVariantGroup section */
		D812A1BE200C4D2100F34E52 /* LaunchScreen.storyboard */ = {
			isa = PBXVariantGroup;
			children = (
				D812A1BF200C4D2100F34E52 /* Base */,
			);
			name = LaunchScreen.storyboard;
			sourceTree = "<group>";
		};
/* End PBXVariantGroup section */

/* Begin XCBuildConfiguration section */
		D812A1D8200C4D2100F34E52 /* Debug */ = {
			isa = XCBuildConfiguration;
			buildSettings = {
				ALWAYS_SEARCH_USER_PATHS = NO;
				CLANG_ANALYZER_NONNULL = YES;
				CLANG_ANALYZER_NUMBER_OBJECT_CONVERSION = YES_AGGRESSIVE;
				CLANG_CXX_LANGUAGE_STANDARD = "gnu++14";
				CLANG_CXX_LIBRARY = "libc++";
				CLANG_ENABLE_MODULES = YES;
				CLANG_ENABLE_OBJC_ARC = YES;
				CLANG_WARN_BLOCK_CAPTURE_AUTORELEASING = YES;
				CLANG_WARN_BOOL_CONVERSION = YES;
				CLANG_WARN_COMMA = YES;
				CLANG_WARN_CONSTANT_CONVERSION = YES;
				CLANG_WARN_DIRECT_OBJC_ISA_USAGE = YES_ERROR;
				CLANG_WARN_DOCUMENTATION_COMMENTS = YES;
				CLANG_WARN_EMPTY_BODY = YES;
				CLANG_WARN_ENUM_CONVERSION = YES;
				CLANG_WARN_INFINITE_RECURSION = YES;
				CLANG_WARN_INT_CONVERSION = YES;
				CLANG_WARN_NON_LITERAL_NULL_CONVERSION = YES;
				CLANG_WARN_OBJC_LITERAL_CONVERSION = YES;
				CLANG_WARN_OBJC_ROOT_CLASS = YES_ERROR;
				CLANG_WARN_RANGE_LOOP_ANALYSIS = YES;
				CLANG_WARN_STRICT_PROTOTYPES = YES;
				CLANG_WARN_SUSPICIOUS_MOVE = YES;
				CLANG_WARN_UNGUARDED_AVAILABILITY = YES_AGGRESSIVE;
				CLANG_WARN_UNREACHABLE_CODE = YES;
				CLANG_WARN__DUPLICATE_METHOD_MATCH = YES;
				CODE_SIGN_IDENTITY = "iPhone Developer";
				COPY_PHASE_STRIP = NO;
				DEBUG_INFORMATION_FORMAT = dwarf;
				ENABLE_STRICT_OBJC_MSGSEND = YES;
				ENABLE_TESTABILITY = YES;
				GCC_C_LANGUAGE_STANDARD = gnu11;
				GCC_DYNAMIC_NO_PIC = NO;
				GCC_NO_COMMON_BLOCKS = YES;
				GCC_OPTIMIZATION_LEVEL = 0;
				GCC_PREPROCESSOR_DEFINITIONS = (
					"DEBUG=1",
					"$(inherited)",
				);
				GCC_WARN_64_TO_32_BIT_CONVERSION = YES;
				GCC_WARN_ABOUT_RETURN_TYPE = YES_ERROR;
				GCC_WARN_UNDECLARED_SELECTOR = YES;
				GCC_WARN_UNINITIALIZED_AUTOS = YES_AGGRESSIVE;
				GCC_WARN_UNUSED_FUNCTION = YES;
				GCC_WARN_UNUSED_VARIABLE = YES;
				IPHONEOS_DEPLOYMENT_TARGET = 11.2;
				MTL_ENABLE_DEBUG_INFO = YES;
				ONLY_ACTIVE_ARCH = YES;
				SDKROOT = iphoneos;
				SWIFT_ACTIVE_COMPILATION_CONDITIONS = DEBUG;
				SWIFT_OPTIMIZATION_LEVEL = "-Onone";
			};
			name = Debug;
		};
		D812A1D9200C4D2100F34E52 /* Release */ = {
			isa = XCBuildConfiguration;
			buildSettings = {
				ALWAYS_SEARCH_USER_PATHS = NO;
				CLANG_ANALYZER_NONNULL = YES;
				CLANG_ANALYZER_NUMBER_OBJECT_CONVERSION = YES_AGGRESSIVE;
				CLANG_CXX_LANGUAGE_STANDARD = "gnu++14";
				CLANG_CXX_LIBRARY = "libc++";
				CLANG_ENABLE_MODULES = YES;
				CLANG_ENABLE_OBJC_ARC = YES;
				CLANG_WARN_BLOCK_CAPTURE_AUTORELEASING = YES;
				CLANG_WARN_BOOL_CONVERSION = YES;
				CLANG_WARN_COMMA = YES;
				CLANG_WARN_CONSTANT_CONVERSION = YES;
				CLANG_WARN_DIRECT_OBJC_ISA_USAGE = YES_ERROR;
				CLANG_WARN_DOCUMENTATION_COMMENTS = YES;
				CLANG_WARN_EMPTY_BODY = YES;
				CLANG_WARN_ENUM_CONVERSION = YES;
				CLANG_WARN_INFINITE_RECURSION = YES;
				CLANG_WARN_INT_CONVERSION = YES;
				CLANG_WARN_NON_LITERAL_NULL_CONVERSION = YES;
				CLANG_WARN_OBJC_LITERAL_CONVERSION = YES;
				CLANG_WARN_OBJC_ROOT_CLASS = YES_ERROR;
				CLANG_WARN_RANGE_LOOP_ANALYSIS = YES;
				CLANG_WARN_STRICT_PROTOTYPES = YES;
				CLANG_WARN_SUSPICIOUS_MOVE = YES;
				CLANG_WARN_UNGUARDED_AVAILABILITY = YES_AGGRESSIVE;
				CLANG_WARN_UNREACHABLE_CODE = YES;
				CLANG_WARN__DUPLICATE_METHOD_MATCH = YES;
				CODE_SIGN_IDENTITY = "iPhone Developer";
				COPY_PHASE_STRIP = NO;
				DEBUG_INFORMATION_FORMAT = "dwarf-with-dsym";
				ENABLE_NS_ASSERTIONS = NO;
				ENABLE_STRICT_OBJC_MSGSEND = YES;
				GCC_C_LANGUAGE_STANDARD = gnu11;
				GCC_NO_COMMON_BLOCKS = YES;
				GCC_WARN_64_TO_32_BIT_CONVERSION = YES;
				GCC_WARN_ABOUT_RETURN_TYPE = YES_ERROR;
				GCC_WARN_UNDECLARED_SELECTOR = YES;
				GCC_WARN_UNINITIALIZED_AUTOS = YES_AGGRESSIVE;
				GCC_WARN_UNUSED_FUNCTION = YES;
				GCC_WARN_UNUSED_VARIABLE = YES;
				IPHONEOS_DEPLOYMENT_TARGET = 11.2;
				MTL_ENABLE_DEBUG_INFO = NO;
				SDKROOT = iphoneos;
				SWIFT_OPTIMIZATION_LEVEL = "-Owholemodule";
				VALIDATE_PRODUCT = YES;
			};
			name = Release;
		};
		D812A1DB200C4D2100F34E52 /* Debug */ = {
			isa = XCBuildConfiguration;
			baseConfigurationReference = F757F1574E78186BCA198E2A /* Pods-EasyEditText.debug.xcconfig */;
			buildSettings = {
				ASSETCATALOG_COMPILER_APPICON_NAME = AppIcon;
				CODE_SIGN_STYLE = Automatic;
				DEVELOPMENT_TEAM = 3WQTW95Z2J;
				INFOPLIST_FILE = "$(SRCROOT)/EasyEditText/Info.plist";
				IPHONEOS_DEPLOYMENT_TARGET = 11.0;
				LD_RUNPATH_SEARCH_PATHS = "$(inherited) @executable_path/Frameworks";
				PRODUCT_BUNDLE_IDENTIFIER = me.sahand.EasyEditText;
				PRODUCT_NAME = "$(TARGET_NAME)";
				SWIFT_VERSION = 4.0;
				TARGETED_DEVICE_FAMILY = "1,2";
			};
			name = Debug;
		};
		D812A1DC200C4D2100F34E52 /* Release */ = {
			isa = XCBuildConfiguration;
			baseConfigurationReference = 946D328B03B35C34AD56EE16 /* Pods-EasyEditText.release.xcconfig */;
			buildSettings = {
				ASSETCATALOG_COMPILER_APPICON_NAME = AppIcon;
				CODE_SIGN_STYLE = Automatic;
				DEVELOPMENT_TEAM = 3WQTW95Z2J;
				INFOPLIST_FILE = "$(SRCROOT)/EasyEditText/Info.plist";
				IPHONEOS_DEPLOYMENT_TARGET = 11.0;
				LD_RUNPATH_SEARCH_PATHS = "$(inherited) @executable_path/Frameworks";
				PRODUCT_BUNDLE_IDENTIFIER = me.sahand.EasyEditText;
				PRODUCT_NAME = "$(TARGET_NAME)";
				SWIFT_VERSION = 4.0;
				TARGETED_DEVICE_FAMILY = "1,2";
			};
			name = Release;
		};
		D812A1DE200C4D2100F34E52 /* Debug */ = {
			isa = XCBuildConfiguration;
			buildSettings = {
				ALWAYS_EMBED_SWIFT_STANDARD_LIBRARIES = YES;
				BUNDLE_LOADER = "$(TEST_HOST)";
				CODE_SIGN_STYLE = Automatic;
				DEVELOPMENT_TEAM = 3WQTW95Z2J;
				INFOPLIST_FILE = PajamaEditTests/Info.plist;
				LD_RUNPATH_SEARCH_PATHS = "$(inherited) @executable_path/Frameworks @loader_path/Frameworks";
				PRODUCT_BUNDLE_IDENTIFIER = me.sahand.PajamaEditTests;
				PRODUCT_NAME = "$(TARGET_NAME)";
				SWIFT_VERSION = 4.0;
				TARGETED_DEVICE_FAMILY = "1,2";
				TEST_HOST = "$(BUILT_PRODUCTS_DIR)/EasyEditText.app/EasyEditText";
			};
			name = Debug;
		};
		D812A1DF200C4D2100F34E52 /* Release */ = {
			isa = XCBuildConfiguration;
			buildSettings = {
				ALWAYS_EMBED_SWIFT_STANDARD_LIBRARIES = YES;
				BUNDLE_LOADER = "$(TEST_HOST)";
				CODE_SIGN_STYLE = Automatic;
				DEVELOPMENT_TEAM = 3WQTW95Z2J;
				INFOPLIST_FILE = PajamaEditTests/Info.plist;
				LD_RUNPATH_SEARCH_PATHS = "$(inherited) @executable_path/Frameworks @loader_path/Frameworks";
				PRODUCT_BUNDLE_IDENTIFIER = me.sahand.PajamaEditTests;
				PRODUCT_NAME = "$(TARGET_NAME)";
				SWIFT_VERSION = 4.0;
				TARGETED_DEVICE_FAMILY = "1,2";
				TEST_HOST = "$(BUILT_PRODUCTS_DIR)/EasyEditText.app/EasyEditText";
			};
			name = Release;
		};
		D812A1E1200C4D2100F34E52 /* Debug */ = {
			isa = XCBuildConfiguration;
			buildSettings = {
				ALWAYS_EMBED_SWIFT_STANDARD_LIBRARIES = YES;
				CODE_SIGN_STYLE = Automatic;
				DEVELOPMENT_TEAM = 3WQTW95Z2J;
				INFOPLIST_FILE = PajamaEditUITests/Info.plist;
				LD_RUNPATH_SEARCH_PATHS = "$(inherited) @executable_path/Frameworks @loader_path/Frameworks";
				PRODUCT_BUNDLE_IDENTIFIER = me.sahand.PajamaEditUITests;
				PRODUCT_NAME = "$(TARGET_NAME)";
				SWIFT_VERSION = 4.0;
				TARGETED_DEVICE_FAMILY = "1,2";
				TEST_TARGET_NAME = PajamaEdit;
			};
			name = Debug;
		};
		D812A1E2200C4D2100F34E52 /* Release */ = {
			isa = XCBuildConfiguration;
			buildSettings = {
				ALWAYS_EMBED_SWIFT_STANDARD_LIBRARIES = YES;
				CODE_SIGN_STYLE = Automatic;
				DEVELOPMENT_TEAM = 3WQTW95Z2J;
				INFOPLIST_FILE = PajamaEditUITests/Info.plist;
				LD_RUNPATH_SEARCH_PATHS = "$(inherited) @executable_path/Frameworks @loader_path/Frameworks";
				PRODUCT_BUNDLE_IDENTIFIER = me.sahand.PajamaEditUITests;
				PRODUCT_NAME = "$(TARGET_NAME)";
				SWIFT_VERSION = 4.0;
				TARGETED_DEVICE_FAMILY = "1,2";
				TEST_TARGET_NAME = PajamaEdit;
			};
			name = Release;
		};
/* End XCBuildConfiguration section */

/* Begin XCConfigurationList section */
		D812A1A9200C4D2100F34E52 /* Build configuration list for PBXProject "EasyEditText" */ = {
			isa = XCConfigurationList;
			buildConfigurations = (
				D812A1D8200C4D2100F34E52 /* Debug */,
				D812A1D9200C4D2100F34E52 /* Release */,
			);
			defaultConfigurationIsVisible = 0;
			defaultConfigurationName = Release;
		};
		D812A1DA200C4D2100F34E52 /* Build configuration list for PBXNativeTarget "EasyEditText" */ = {
			isa = XCConfigurationList;
			buildConfigurations = (
				D812A1DB200C4D2100F34E52 /* Debug */,
				D812A1DC200C4D2100F34E52 /* Release */,
			);
			defaultConfigurationIsVisible = 0;
			defaultConfigurationName = Release;
		};
		D812A1DD200C4D2100F34E52 /* Build configuration list for PBXNativeTarget "EasyEditTextTests" */ = {
			isa = XCConfigurationList;
			buildConfigurations = (
				D812A1DE200C4D2100F34E52 /* Debug */,
				D812A1DF200C4D2100F34E52 /* Release */,
			);
			defaultConfigurationIsVisible = 0;
			defaultConfigurationName = Release;
		};
		D812A1E0200C4D2100F34E52 /* Build configuration list for PBXNativeTarget "EasyEditTextUITests" */ = {
			isa = XCConfigurationList;
			buildConfigurations = (
				D812A1E1200C4D2100F34E52 /* Debug */,
				D812A1E2200C4D2100F34E52 /* Release */,
			);
			defaultConfigurationIsVisible = 0;
			defaultConfigurationName = Release;
		};
/* End XCConfigurationList section */
	};
	rootObject = D812A1A6200C4D2100F34E52 /* Project object */;
}
